// !$*UTF8*$!
{
	archiveVersion = 1;
	classes = {
	};
	objectVersion = 46;
	objects = {

/* Begin PBXBuildFile section */
		6A79076E19D48A24007B2915 /* AppDelegate.swift in Sources */ = {isa = PBXBuildFile; fileRef = 6A79076D19D48A24007B2915 /* AppDelegate.swift */; };
		6A79077019D48A24007B2915 /* ViewController.swift in Sources */ = {isa = PBXBuildFile; fileRef = 6A79076F19D48A24007B2915 /* ViewController.swift */; };
		6A79077319D48A24007B2915 /* Main.storyboard in Resources */ = {isa = PBXBuildFile; fileRef = 6A79077119D48A24007B2915 /* Main.storyboard */; };
		6A79077519D48A24007B2915 /* Images.xcassets in Resources */ = {isa = PBXBuildFile; fileRef = 6A79077419D48A24007B2915 /* Images.xcassets */; };
		6A79077819D48A24007B2915 /* LaunchScreen.xib in Resources */ = {isa = PBXBuildFile; fileRef = 6A79077619D48A24007B2915 /* LaunchScreen.xib */; };
		6A79078419D48A24007B2915 /* PostcardTests.swift in Sources */ = {isa = PBXBuildFile; fileRef = 6A79078319D48A24007B2915 /* PostcardTests.swift */; };
/* End PBXBuildFile section */

/* Begin PBXContainerItemProxy section */
		6A79077E19D48A24007B2915 /* PBXContainerItemProxy */ = {
			isa = PBXContainerItemProxy;
			containerPortal = 6A79076019D48A24007B2915 /* Project object */;
			proxyType = 1;
			remoteGlobalIDString = 6A79076719D48A24007B2915;
			remoteInfo = Postcard;
		};
/* End PBXContainerItemProxy section */

/* Begin PBXFileReference section */
		6A79076819D48A24007B2915 /* Postcard.app */ = {isa = PBXFileReference; explicitFileType = wrapper.application; includeInIndex = 0; path = Postcard.app; sourceTree = BUILT_PRODUCTS_DIR; };
		6A79076C19D48A24007B2915 /* Info.plist */ = {isa = PBXFileReference; lastKnownFileType = text.plist.xml; path = Info.plist; sourceTree = "<group>"; };
		6A79076D19D48A24007B2915 /* AppDelegate.swift */ = {isa = PBXFileReference; lastKnownFileType = sourcecode.swift; path = AppDelegate.swift; sourceTree = "<group>"; };
		6A79076F19D48A24007B2915 /* ViewController.swift */ = {isa = PBXFileReference; lastKnownFileType = sourcecode.swift; path = ViewController.swift; sourceTree = "<group>"; };
		6A79077219D48A24007B2915 /* Base */ = {isa = PBXFileReference; lastKnownFileType = file.storyboard; name = Base; path = Base.lproj/Main.storyboard; sourceTree = "<group>"; };
		6A79077419D48A24007B2915 /* Images.xcassets */ = {isa = PBXFileReference; lastKnownFileType = folder.assetcatalog; path = Images.xcassets; sourceTree = "<group>"; };
		6A79077719D48A24007B2915 /* Base */ = {isa = PBXFileReference; lastKnownFileType = file.xib; name = Base; path = Base.lproj/LaunchScreen.xib; sourceTree = "<group>"; };
		6A79077D19D48A24007B2915 /* PostcardTests.xctest */ = {isa = PBXFileReference; explicitFileType = wrapper.cfbundle; includeInIndex = 0; path = PostcardTests.xctest; sourceTree = BUILT_PRODUCTS_DIR; };
		6A79078219D48A24007B2915 /* Info.plist */ = {isa = PBXFileReference; lastKnownFileType = text.plist.xml; path = Info.plist; sourceTree = "<group>"; };
		6A79078319D48A24007B2915 /* PostcardTests.swift */ = {isa = PBXFileReference; lastKnownFileType = sourcecode.swift; path = PostcardTests.swift; sourceTree = "<group>"; };
/* End PBXFileReference section */

/* Begin PBXFrameworksBuildPhase section */
		6A79076519D48A24007B2915 /* Frameworks */ = {
			isa = PBXFrameworksBuildPhase;
			buildActionMask = 2147483647;
			files = (
			);
			runOnlyForDeploymentPostprocessing = 0;
		};
		6A79077A19D48A24007B2915 /* Frameworks */ = {
			isa = PBXFrameworksBuildPhase;
			buildActionMask = 2147483647;
			files = (
			);
			runOnlyForDeploymentPostprocessing = 0;
		};
/* End PBXFrameworksBuildPhase section */

/* Begin PBXGroup section */
		6A79075F19D48A24007B2915 = {
			isa = PBXGroup;
			children = (
				6A79076A19D48A24007B2915 /* Postcard */,
				6A79078019D48A24007B2915 /* PostcardTests */,
				6A79076919D48A24007B2915 /* Products */,
			);
			sourceTree = "<group>";
		};
		6A79076919D48A24007B2915 /* Products */ = {
			isa = PBXGroup;
			children = (
				6A79076819D48A24007B2915 /* Postcard.app */,
				6A79077D19D48A24007B2915 /* PostcardTests.xctest */,
			);
			name = Products;
			sourceTree = "<group>";
		};
		6A79076A19D48A24007B2915 /* Postcard */ = {
			isa = PBXGroup;
			children = (
				6A79076D19D48A24007B2915 /* AppDelegate.swift */,
				6A79076F19D48A24007B2915 /* ViewController.swift */,
				6A79077119D48A24007B2915 /* Main.storyboard */,
				6A79077419D48A24007B2915 /* Images.xcassets */,
				6A79077619D48A24007B2915 /* LaunchScreen.xib */,
				6A79076B19D48A24007B2915 /* Supporting Files */,
			);
			path = Postcard;
			sourceTree = "<group>";
		};
		6A79076B19D48A24007B2915 /* Supporting Files */ = {
			isa = PBXGroup;
			children = (
				6A79076C19D48A24007B2915 /* Info.plist */,
			);
			name = "Supporting Files";
			sourceTree = "<group>";
		};
		6A79078019D48A24007B2915 /* PostcardTests */ = {
			isa = PBXGroup;
			children = (
				6A79078319D48A24007B2915 /* PostcardTests.swift */,
				6A79078119D48A24007B2915 /* Supporting Files */,
			);
			path = PostcardTests;
			sourceTree = "<group>";
		};
		6A79078119D48A24007B2915 /* Supporting Files */ = {
			isa = PBXGroup;
			children = (
				6A79078219D48A24007B2915 /* Info.plist */,
			);
			name = "Supporting Files";
			sourceTree = "<group>";
		};
/* End PBXGroup section */

/* Begin PBXNativeTarget section */
		6A79076719D48A24007B2915 /* Postcard */ = {
			isa = PBXNativeTarget;
			buildConfigurationList = 6A79078719D48A24007B2915 /* Build configuration list for PBXNativeTarget "Postcard" */;
			buildPhases = (
				6A79076419D48A24007B2915 /* Sources */,
				6A79076519D48A24007B2915 /* Frameworks */,
				6A79076619D48A24007B2915 /* Resources */,
			);
			buildRules = (
			);
			dependencies = (
			);
			name = Postcard;
			productName = Postcard;
			productReference = 6A79076819D48A24007B2915 /* Postcard.app */;
			productType = "com.apple.product-type.application";
		};
		6A79077C19D48A24007B2915 /* PostcardTests */ = {
			isa = PBXNativeTarget;
			buildConfigurationList = 6A79078A19D48A24007B2915 /* Build configuration list for PBXNativeTarget "PostcardTests" */;
			buildPhases = (
				6A79077919D48A24007B2915 /* Sources */,
				6A79077A19D48A24007B2915 /* Frameworks */,
				6A79077B19D48A24007B2915 /* Resources */,
			);
			buildRules = (
			);
			dependencies = (
				6A79077F19D48A24007B2915 /* PBXTargetDependency */,
			);
			name = PostcardTests;
			productName = PostcardTests;
			productReference = 6A79077D19D48A24007B2915 /* PostcardTests.xctest */;
			productType = "com.apple.product-type.bundle.unit-test";
		};
/* End PBXNativeTarget section */

/* Begin PBXProject section */
		6A79076019D48A24007B2915 /* Project object */ = {
			isa = PBXProject;
			attributes = {
				LastUpgradeCheck = 0600;
				ORGANIZATIONNAME = "Matt Solano";
				TargetAttributes = {
					6A79076719D48A24007B2915 = {
						CreatedOnToolsVersion = 6.0.1;
					};
					6A79077C19D48A24007B2915 = {
						CreatedOnToolsVersion = 6.0.1;
						TestTargetID = 6A79076719D48A24007B2915;
					};
				};
			};
			buildConfigurationList = 6A79076319D48A24007B2915 /* Build configuration list for PBXProject "Postcard" */;
			compatibilityVersion = "Xcode 3.2";
			developmentRegion = English;
			hasScannedForEncodings = 0;
			knownRegions = (
				en,
				Base,
			);
			mainGroup = 6A79075F19D48A24007B2915;
			productRefGroup = 6A79076919D48A24007B2915 /* Products */;
			projectDirPath = "";
			projectRoot = "";
			targets = (
				6A79076719D48A24007B2915 /* Postcard */,
				6A79077C19D48A24007B2915 /* PostcardTests */,
			);
		};
/* End PBXProject section */

/* Begin PBXResourcesBuildPhase section */
		6A79076619D48A24007B2915 /* Resources */ = {
			isa = PBXResourcesBuildPhase;
			buildActionMask = 2147483647;
			files = (
				6A79077319D48A24007B2915 /* Main.storyboard in Resources */,
				6A79077819D48A24007B2915 /* LaunchScreen.xib in Resources */,
				6A79077519D48A24007B2915 /* Images.xcassets in Resources */,
			);
			runOnlyForDeploymentPostprocessing = 0;
		};
		6A79077B19D48A24007B2915 /* Resources */ = {
			isa = PBXResourcesBuildPhase;
			buildActionMask = 2147483647;
			files = (
			);
			runOnlyForDeploymentPostprocessing = 0;
		};
/* End PBXResourcesBuildPhase section */

/* Begin PBXSourcesBuildPhase section */
		6A79076419D48A24007B2915 /* Sources */ = {
			isa = PBXSourcesBuildPhase;
			buildActionMask = 2147483647;
			files = (
				6A79077019D48A24007B2915 /* ViewController.swift in Sources */,
				6A79076E19D48A24007B2915 /* AppDelegate.swift in Sources */,
			);
			runOnlyForDeploymentPostprocessing = 0;
		};
		6A79077919D48A24007B2915 /* Sources */ = {
			isa = PBXSourcesBuildPhase;
			buildActionMask = 2147483647;
			files = (
				6A79078419D48A24007B2915 /* PostcardTests.swift in Sources */,
			);
			runOnlyForDeploymentPostprocessing = 0;
		};
/* End PBXSourcesBuildPhase section */

/* Begin PBXTargetDependency section */
		6A79077F19D48A24007B2915 /* PBXTargetDependency */ = {
			isa = PBXTargetDependency;
			target = 6A79076719D48A24007B2915 /* Postcard */;
			targetProxy = 6A79077E19D48A24007B2915 /* PBXContainerItemProxy */;
		};
/* End PBXTargetDependency section */

/* Begin PBXVariantGroup section */
		6A79077119D48A24007B2915 /* Main.storyboard */ = {
			isa = PBXVariantGroup;
			children = (
				6A79077219D48A24007B2915 /* Base */,
			);
			name = Main.storyboard;
			sourceTree = "<group>";
		};
		6A79077619D48A24007B2915 /* LaunchScreen.xib */ = {
			isa = PBXVariantGroup;
			children = (
				6A79077719D48A24007B2915 /* Base */,
			);
			name = LaunchScreen.xib;
			sourceTree = "<group>";
		};
/* End PBXVariantGroup section */

/* Begin XCBuildConfiguration section */
		6A79078519D48A24007B2915 /* Debug */ = {
			isa = XCBuildConfiguration;
			buildSettings = {
				ALWAYS_SEARCH_USER_PATHS = NO;
				CLANG_CXX_LANGUAGE_STANDARD = "gnu++0x";
				CLANG_CXX_LIBRARY = "libc++";
				CLANG_ENABLE_MODULES = YES;
				CLANG_ENABLE_OBJC_ARC = YES;
				CLANG_WARN_BOOL_CONVERSION = YES;
				CLANG_WARN_CONSTANT_CONVERSION = YES;
				CLANG_WARN_DIRECT_OBJC_ISA_USAGE = YES_ERROR;
				CLANG_WARN_EMPTY_BODY = YES;
				CLANG_WARN_ENUM_CONVERSION = YES;
				CLANG_WARN_INT_CONVERSION = YES;
				CLANG_WARN_OBJC_ROOT_CLASS = YES_ERROR;
				CLANG_WARN_UNREACHABLE_CODE = YES;
				CLANG_WARN__DUPLICATE_METHOD_MATCH = YES;
				"CODE_SIGN_IDENTITY[sdk=iphoneos*]" = "iPhone Developer";
				COPY_PHASE_STRIP = NO;
				ENABLE_STRICT_OBJC_MSGSEND = YES;
				GCC_C_LANGUAGE_STANDARD = gnu99;
				GCC_DYNAMIC_NO_PIC = NO;
				GCC_OPTIMIZATION_LEVEL = 0;
				GCC_PREPROCESSOR_DEFINITIONS = (
					"DEBUG=1",
					"$(inherited)",
				);
				GCC_SYMBOLS_PRIVATE_EXTERN = NO;
				GCC_WARN_64_TO_32_BIT_CONVERSION = YES;
				GCC_WARN_ABOUT_RETURN_TYPE = YES_ERROR;
				GCC_WARN_UNDECLARED_SELECTOR = YES;
				GCC_WARN_UNINITIALIZED_AUTOS = YES_AGGRESSIVE;
				GCC_WARN_UNUSED_FUNCTION = YES;
				GCC_WARN_UNUSED_VARIABLE = YES;
				IPHONEOS_DEPLOYMENT_TARGET = 8.0;
				MTL_ENABLE_DEBUG_INFO = YES;
				ONLY_ACTIVE_ARCH = YES;
				SDKROOT = iphoneos;
				SWIFT_OPTIMIZATION_LEVEL = "-Onone";
			};
			name = Debug;
		};
		6A79078619D48A24007B2915 /* Release */ = {
			isa = XCBuildConfiguration;
			buildSettings = {
				ALWAYS_SEARCH_USER_PATHS = NO;
				CLANG_CXX_LANGUAGE_STANDARD = "gnu++0x";
				CLANG_CXX_LIBRARY = "libc++";
				CLANG_ENABLE_MODULES = YES;
				CLANG_ENABLE_OBJC_ARC = YES;
				CLANG_WARN_BOOL_CONVERSION = YES;
				CLANG_WARN_CONSTANT_CONVERSION = YES;
				CLANG_WARN_DIRECT_OBJC_ISA_USAGE = YES_ERROR;
				CLANG_WARN_EMPTY_BODY = YES;
				CLANG_WARN_ENUM_CONVERSION = YES;
				CLANG_WARN_INT_CONVERSION = YES;
				CLANG_WARN_OBJC_ROOT_CLASS = YES_ERROR;
				CLANG_WARN_UNREACHABLE_CODE = YES;
				CLANG_WARN__DUPLICATE_METHOD_MATCH = YES;
				"CODE_SIGN_IDENTITY[sdk=iphoneos*]" = "iPhone Developer";
				COPY_PHASE_STRIP = YES;
				ENABLE_NS_ASSERTIONS = NO;
				ENABLE_STRICT_OBJC_MSGSEND = YES;
				GCC_C_LANGUAGE_STANDARD = gnu99;
				GCC_WARN_64_TO_32_BIT_CONVERSION = YES;
				GCC_WARN_ABOUT_RETURN_TYPE = YES_ERROR;
				GCC_WARN_UNDECLARED_SELECTOR = YES;
				GCC_WARN_UNINITIALIZED_AUTOS = YES_AGGRESSIVE;
				GCC_WARN_UNUSED_FUNCTION = YES;
				GCC_WARN_UNUSED_VARIABLE = YES;
				IPHONEOS_DEPLOYMENT_TARGET = 8.0;
				MTL_ENABLE_DEBUG_INFO = NO;
				SDKROOT = iphoneos;
				VALIDATE_PRODUCT = YES;
			};
			name = Release;
		};
		6A79078819D48A24007B2915 /* Debug */ = {
			isa = XCBuildConfiguration;
			buildSettings = {
				ASSETCATALOG_COMPILER_APPICON_NAME = AppIcon;
				INFOPLIST_FILE = Postcard/Info.plist;
				LD_RUNPATH_SEARCH_PATHS = "$(inherited) @executable_path/Frameworks";
				PRODUCT_NAME = "$(TARGET_NAME)";
			};
			name = Debug;
		};
		6A79078919D48A24007B2915 /* Release */ = {
			isa = XCBuildConfiguration;
			buildSettings = {
				ASSETCATALOG_COMPILER_APPICON_NAME = AppIcon;
				INFOPLIST_FILE = Postcard/Info.plist;
				LD_RUNPATH_SEARCH_PATHS = "$(inherited) @executable_path/Frameworks";
				PRODUCT_NAME = "$(TARGET_NAME)";
			};
			name = Release;
		};
		6A79078B19D48A24007B2915 /* Debug */ = {
			isa = XCBuildConfiguration;
			buildSettings = {
				BUNDLE_LOADER = "$(TEST_HOST)";
				FRAMEWORK_SEARCH_PATHS = (
					"$(SDKROOT)/Developer/Library/Frameworks",
					"$(inherited)",
				);
				GCC_PREPROCESSOR_DEFINITIONS = (
					"DEBUG=1",
					"$(inherited)",
				);
				INFOPLIST_FILE = PostcardTests/Info.plist;
				LD_RUNPATH_SEARCH_PATHS = "$(inherited) @executable_path/Frameworks @loader_path/Frameworks";
				PRODUCT_NAME = "$(TARGET_NAME)";
				TEST_HOST = "$(BUILT_PRODUCTS_DIR)/Postcard.app/Postcard";
			};
			name = Debug;
		};
		6A79078C19D48A24007B2915 /* Release */ = {
			isa = XCBuildConfiguration;
			buildSettings = {
				BUNDLE_LOADER = "$(TEST_HOST)";
				FRAMEWORK_SEARCH_PATHS = (
					"$(SDKROOT)/Developer/Library/Frameworks",
					"$(inherited)",
				);
				INFOPLIST_FILE = PostcardTests/Info.plist;
				LD_RUNPATH_SEARCH_PATHS = "$(inherited) @executable_path/Frameworks @loader_path/Frameworks";
				PRODUCT_NAME = "$(TARGET_NAME)";
				TEST_HOST = "$(BUILT_PRODUCTS_DIR)/Postcard.app/Postcard";
			};
			name = Release;
		};
/* End XCBuildConfiguration section */

/* Begin XCConfigurationList section */
		6A79076319D48A24007B2915 /* Build configuration list for PBXProject "Postcard" */ = {
			isa = XCConfigurationList;
			buildConfigurations = (
				6A79078519D48A24007B2915 /* Debug */,
				6A79078619D48A24007B2915 /* Release */,
			);
			defaultConfigurationIsVisible = 0;
			defaultConfigurationName = Release;
		};
		6A79078719D48A24007B2915 /* Build configuration list for PBXNativeTarget "Postcard" */ = {
			isa = XCConfigurationList;
			buildConfigurations = (
				6A79078819D48A24007B2915 /* Debug */,
				6A79078919D48A24007B2915 /* Release */,
			);
			defaultConfigurationIsVisible = 0;
		};
		6A79078A19D48A24007B2915 /* Build configuration list for PBXNativeTarget "PostcardTests" */ = {
			isa = XCConfigurationList;
			buildConfigurations = (
				6A79078B19D48A24007B2915 /* Debug */,
				6A79078C19D48A24007B2915 /* Release */,
			);
			defaultConfigurationIsVisible = 0;
		};
/* End XCConfigurationList section */
	};
	rootObject = 6A79076019D48A24007B2915 /* Project object */;
}
